{
  "name": "words",
  "lockfileVersion": 2,
  "requires": true,
  "packages": {
    "": {
      "dependencies": {
        "censor-sensor": "^1.0.6",
        "profane-words": "^1.4.0"
      }
    },
    "node_modules/censor-sensor": {
      "version": "1.0.6",
      "resolved": "https://registry.npmjs.org/censor-sensor/-/censor-sensor-1.0.6.tgz",
      "integrity": "sha512-+2p0pCVWIkcp9JWVmDgnfQlzpDQsefXIra8KSqVSNrnEkSOcYT/tkDu/umDmTZ39c1JH9+ItijasUJIkRlb8dQ=="
    },
    "node_modules/profane-words": {
      "version": "1.4.0",
      "resolved": "https://registry.npmjs.org/profane-words/-/profane-words-1.4.0.tgz",
      "integrity": "sha512-BPRljoMMDL7M2W61iDgZ/uHfTmptEtd4Is41C6xXbNYfw0B0U41pl3NcZxxihMOZq4XHGsiapEB1ufXV9LPevA==",
      "funding": {
        "type": "ko-fi",
        "url": "https://ko-fi.com/zacanger"
      }
    }
  },
  "dependencies": {
    "censor-sensor": {
      "version": "1.0.6",
      "resolved": "https://registry.npmjs.org/censor-sensor/-/censor-sensor-1.0.6.tgz",
      "integrity": "sha512-+2p0pCVWIkcp9JWVmDgnfQlzpDQsefXIra8KSqVSNrnEkSOcYT/tkDu/umDmTZ39c1JH9+ItijasUJIkRlb8dQ=="
    },
    "profane-words": {
      "version": "1.4.0",
      "resolved": "https://registry.npmjs.org/profane-words/-/profane-words-1.4.0.tgz",
      "integrity": "sha512-BPRljoMMDL7M2W61iDgZ/uHfTmptEtd4Is41C6xXbNYfw0B0U41pl3NcZxxihMOZq4XHGsiapEB1ufXV9LPevA=="
    }
  }
}
